
Microsoft Visual Studio Solution File, Format Version 12.00
# Visual Studio Version 17
VisualStudioVersion = 17.1.32414.318
MinimumVisualStudioVersion = 10.0.40219.1
Project("{FAE04EC0-301F-11D3-BF4B-00C04F79EFBC}") = "UC7_Search_Linklist_FindNode", "UC7_Search_Linklist_FindNode.csproj", "{FBF2867D-E19E-4DAD-A767-5BDC1DECDE37}"
EndProject
Global
	GlobalSection(SolutionConfigurationPlatforms) = preSolution
		Debug|Any CPU = Debug|Any CPU
		Release|Any CPU = Release|Any CPU
	EndGlobalSection
	GlobalSection(ProjectConfigurationPlatforms) = postSolution
		{FBF2867D-E19E-4DAD-A767-5BDC1DECDE37}.Debug|Any CPU.ActiveCfg = Debug|Any CPU
		{FBF2867D-E19E-4DAD-A767-5BDC1DECDE37}.Debug|Any CPU.Build.0 = Debug|Any CPU
		{FBF2867D-E19E-4DAD-A767-5BDC1DECDE37}.Release|Any CPU.ActiveCfg = Release|Any CPU
		{FBF2867D-E19E-4DAD-A767-5BDC1DECDE37}.Release|Any CPU.Build.0 = Release|Any CPU
	EndGlobalSection
	GlobalSection(SolutionProperties) = preSolution
		HideSolutionNode = FALSE
	EndGlobalSection
	GlobalSection(ExtensibilityGlobals) = postSolution
		SolutionGuid = {EE1EF5DB-7C5B-478A-A325-2BEC76FD89EE}
	EndGlobalSection
EndGlobal
