
Microsoft Visual Studio Solution File, Format Version 12.00
# Visual Studio Version 17
VisualStudioVersion = 17.1.32414.318
MinimumVisualStudioVersion = 10.0.40219.1
Project("{FAE04EC0-301F-11D3-BF4B-00C04F79EFBC}") = "UC1_Simple_Linked_List", "UC1_Simple_Linked_List.csproj", "{6C3287D1-C335-40C1-A0FE-26DA22419BD9}"
EndProject
Global
	GlobalSection(SolutionConfigurationPlatforms) = preSolution
		Debug|Any CPU = Debug|Any CPU
		Release|Any CPU = Release|Any CPU
	EndGlobalSection
	GlobalSection(ProjectConfigurationPlatforms) = postSolution
		{6C3287D1-C335-40C1-A0FE-26DA22419BD9}.Debug|Any CPU.ActiveCfg = Debug|Any CPU
		{6C3287D1-C335-40C1-A0FE-26DA22419BD9}.Debug|Any CPU.Build.0 = Debug|Any CPU
		{6C3287D1-C335-40C1-A0FE-26DA22419BD9}.Release|Any CPU.ActiveCfg = Release|Any CPU
		{6C3287D1-C335-40C1-A0FE-26DA22419BD9}.Release|Any CPU.Build.0 = Release|Any CPU
	EndGlobalSection
	GlobalSection(SolutionProperties) = preSolution
		HideSolutionNode = FALSE
	EndGlobalSection
	GlobalSection(ExtensibilityGlobals) = postSolution
		SolutionGuid = {5755B448-1285-45F4-8254-0899A00F45B9}
	EndGlobalSection
EndGlobal
