
Microsoft Visual Studio Solution File, Format Version 12.00
# Visual Studio Version 17
VisualStudioVersion = 17.1.32414.318
MinimumVisualStudioVersion = 10.0.40219.1
Project("{FAE04EC0-301F-11D3-BF4B-00C04F79EFBC}") = "UC10_Sorting_Method", "UC10_Sorting_Method.csproj", "{DA9B6B47-9EFB-47A9-8C37-51D52AADA335}"
EndProject
Global
	GlobalSection(SolutionConfigurationPlatforms) = preSolution
		Debug|Any CPU = Debug|Any CPU
		Release|Any CPU = Release|Any CPU
	EndGlobalSection
	GlobalSection(ProjectConfigurationPlatforms) = postSolution
		{DA9B6B47-9EFB-47A9-8C37-51D52AADA335}.Debug|Any CPU.ActiveCfg = Debug|Any CPU
		{DA9B6B47-9EFB-47A9-8C37-51D52AADA335}.Debug|Any CPU.Build.0 = Debug|Any CPU
		{DA9B6B47-9EFB-47A9-8C37-51D52AADA335}.Release|Any CPU.ActiveCfg = Release|Any CPU
		{DA9B6B47-9EFB-47A9-8C37-51D52AADA335}.Release|Any CPU.Build.0 = Release|Any CPU
	EndGlobalSection
	GlobalSection(SolutionProperties) = preSolution
		HideSolutionNode = FALSE
	EndGlobalSection
	GlobalSection(ExtensibilityGlobals) = postSolution
		SolutionGuid = {1ADAA966-AA03-4160-A285-D87E6808FCD8}
	EndGlobalSection
EndGlobal
