
Microsoft Visual Studio Solution File, Format Version 12.00
# Visual Studio Version 17
VisualStudioVersion = 17.1.32414.318
MinimumVisualStudioVersion = 10.0.40219.1
Project("{FAE04EC0-301F-11D3-BF4B-00C04F79EFBC}") = "UC4_Final_Sequence", "UC4_Final_Sequence.csproj", "{DC967707-5475-4B3D-9D56-4922D0DCDBDE}"
EndProject
Global
	GlobalSection(SolutionConfigurationPlatforms) = preSolution
		Debug|Any CPU = Debug|Any CPU
		Release|Any CPU = Release|Any CPU
	EndGlobalSection
	GlobalSection(ProjectConfigurationPlatforms) = postSolution
		{DC967707-5475-4B3D-9D56-4922D0DCDBDE}.Debug|Any CPU.ActiveCfg = Debug|Any CPU
		{DC967707-5475-4B3D-9D56-4922D0DCDBDE}.Debug|Any CPU.Build.0 = Debug|Any CPU
		{DC967707-5475-4B3D-9D56-4922D0DCDBDE}.Release|Any CPU.ActiveCfg = Release|Any CPU
		{DC967707-5475-4B3D-9D56-4922D0DCDBDE}.Release|Any CPU.Build.0 = Release|Any CPU
	EndGlobalSection
	GlobalSection(SolutionProperties) = preSolution
		HideSolutionNode = FALSE
	EndGlobalSection
	GlobalSection(ExtensibilityGlobals) = postSolution
		SolutionGuid = {E46FD9F2-C842-4E7F-B408-106592C2F61D}
	EndGlobalSection
EndGlobal
